
Microsoft Visual Studio Solution File, Format Version 12.00
# Visual Studio Version 17
VisualStudioVersion = 17.5.33103.201
MinimumVisualStudioVersion = 10.0.40219.1
Project("{FAE04EC0-301F-11D3-BF4B-00C04F79EFBC}") = "Chat_App_Server", "Chat_App_Server\Chat_App_Server.csproj", "{9C3A4676-FC51-4216-9171-C717A31753D6}"
EndProject
Global
	GlobalSection(SolutionConfigurationPlatforms) = preSolution
		Debug|Any CPU = Debug|Any CPU
		Release|Any CPU = Release|Any CPU
	EndGlobalSection
	GlobalSection(ProjectConfigurationPlatforms) = postSolution
		{9C3A4676-FC51-4216-9171-C717A31753D6}.Debug|Any CPU.ActiveCfg = Debug|Any CPU
		{9C3A4676-FC51-4216-9171-C717A31753D6}.Debug|Any CPU.Build.0 = Debug|Any CPU
		{9C3A4676-FC51-4216-9171-C717A31753D6}.Release|Any CPU.ActiveCfg = Release|Any CPU
		{9C3A4676-FC51-4216-9171-C717A31753D6}.Release|Any CPU.Build.0 = Release|Any CPU
	EndGlobalSection
	GlobalSection(SolutionProperties) = preSolution
		HideSolutionNode = FALSE
	EndGlobalSection
	GlobalSection(ExtensibilityGlobals) = postSolution
		SolutionGuid = {F45BD4CF-7AC7-4895-B7EE-DF40259D5B69}
	EndGlobalSection
EndGlobal
